// !$*UTF8*$!
{
	archiveVersion = 1;
	classes = {
	};
	objectVersion = 46;
	objects = {

/* Begin PBXBuildFile section */
		26FDD50C1ECB4B6A00A99B5D /* AppDelegate.swift in Sources */ = {isa = PBXBuildFile; fileRef = 26FDD50B1ECB4B6900A99B5D /* AppDelegate.swift */; };
		26FDD5111ECB4B6A00A99B5D /* Main.storyboard in Resources */ = {isa = PBXBuildFile; fileRef = 26FDD50F1ECB4B6A00A99B5D /* Main.storyboard */; };
		26FDD5131ECB4B6A00A99B5D /* Assets.xcassets in Resources */ = {isa = PBXBuildFile; fileRef = 26FDD5121ECB4B6A00A99B5D /* Assets.xcassets */; };
		26FDD5161ECB4B6A00A99B5D /* LaunchScreen.storyboard in Resources */ = {isa = PBXBuildFile; fileRef = 26FDD5141ECB4B6A00A99B5D /* LaunchScreen.storyboard */; };
		26FDD51E1ECB4BA100A99B5D /* ColorGridViewController.swift in Sources */ = {isa = PBXBuildFile; fileRef = 26FDD51D1ECB4BA100A99B5D /* ColorGridViewController.swift */; };
/* End PBXBuildFile section */

/* Begin PBXFileReference section */
		26FDD5081ECB4B6900A99B5D /* ColorGrid.app */ = {isa = PBXFileReference; explicitFileType = wrapper.application; includeInIndex = 0; path = ColorGrid.app; sourceTree = BUILT_PRODUCTS_DIR; };
		26FDD50B1ECB4B6900A99B5D /* AppDelegate.swift */ = {isa = PBXFileReference; lastKnownFileType = sourcecode.swift; path = AppDelegate.swift; sourceTree = "<group>"; };
		26FDD5101ECB4B6A00A99B5D /* Base */ = {isa = PBXFileReference; lastKnownFileType = file.storyboard; name = Base; path = Base.lproj/Main.storyboard; sourceTree = "<group>"; };
		26FDD5121ECB4B6A00A99B5D /* Assets.xcassets */ = {isa = PBXFileReference; lastKnownFileType = folder.assetcatalog; path = Assets.xcassets; sourceTree = "<group>"; };
		26FDD5151ECB4B6A00A99B5D /* Base */ = {isa = PBXFileReference; lastKnownFileType = file.storyboard; name = Base; path = Base.lproj/LaunchScreen.storyboard; sourceTree = "<group>"; };
		26FDD5171ECB4B6A00A99B5D /* Info.plist */ = {isa = PBXFileReference; lastKnownFileType = text.plist.xml; path = Info.plist; sourceTree = "<group>"; };
		26FDD51D1ECB4BA100A99B5D /* ColorGridViewController.swift */ = {isa = PBXFileReference; fileEncoding = 4; lastKnownFileType = sourcecode.swift; path = ColorGridViewController.swift; sourceTree = "<group>"; };
/* End PBXFileReference section */

/* Begin PBXFrameworksBuildPhase section */
		26FDD5051ECB4B6900A99B5D /* Frameworks */ = {
			isa = PBXFrameworksBuildPhase;
			buildActionMask = 2147483647;
			files = (
			);
			runOnlyForDeploymentPostprocessing = 0;
		};
/* End PBXFrameworksBuildPhase section */

/* Begin PBXGroup section */
		26FDD4FF1ECB4B6900A99B5D = {
			isa = PBXGroup;
			children = (
				26FDD50A1ECB4B6900A99B5D /* ColorGrid */,
				26FDD5091ECB4B6900A99B5D /* Products */,
			);
			sourceTree = "<group>";
		};
		26FDD5091ECB4B6900A99B5D /* Products */ = {
			isa = PBXGroup;
			children = (
				26FDD5081ECB4B6900A99B5D /* ColorGrid.app */,
			);
			name = Products;
			sourceTree = "<group>";
		};
		26FDD50A1ECB4B6900A99B5D /* ColorGrid */ = {
			isa = PBXGroup;
			children = (
				26FDD51D1ECB4BA100A99B5D /* ColorGridViewController.swift */,
				26FDD50B1ECB4B6900A99B5D /* AppDelegate.swift */,
				26FDD50F1ECB4B6A00A99B5D /* Main.storyboard */,
				26FDD5121ECB4B6A00A99B5D /* Assets.xcassets */,
				26FDD5141ECB4B6A00A99B5D /* LaunchScreen.storyboard */,
				26FDD5171ECB4B6A00A99B5D /* Info.plist */,
			);
			path = ColorGrid;
			sourceTree = "<group>";
		};
/* End PBXGroup section */

/* Begin PBXNativeTarget section */
		26FDD5071ECB4B6900A99B5D /* ColorGrid */ = {
			isa = PBXNativeTarget;
			buildConfigurationList = 26FDD51A1ECB4B6A00A99B5D /* Build configuration list for PBXNativeTarget "ColorGrid" */;
			buildPhases = (
				26FDD5041ECB4B6900A99B5D /* Sources */,
				26FDD5051ECB4B6900A99B5D /* Frameworks */,
				26FDD5061ECB4B6900A99B5D /* Resources */,
			);
			buildRules = (
			);
			dependencies = (
			);
			name = ColorGrid;
			productName = ColorGrid;
			productReference = 26FDD5081ECB4B6900A99B5D /* ColorGrid.app */;
			productType = "com.apple.product-type.application";
		};
/* End PBXNativeTarget section */

/* Begin PBXProject section */
		26FDD5001ECB4B6900A99B5D /* Project object */ = {
			isa = PBXProject;
			attributes = {
				LastSwiftUpdateCheck = 0820;
				LastUpgradeCheck = 0820;
				ORGANIZATIONNAME = "kanchan yadav";
				TargetAttributes = {
					26FDD5071ECB4B6900A99B5D = {
						CreatedOnToolsVersion = 8.2.1;
						DevelopmentTeam = JG332KPJ4U;
						ProvisioningStyle = Automatic;
					};
				};
			};
			buildConfigurationList = 26FDD5031ECB4B6900A99B5D /* Build configuration list for PBXProject "ColorGrid" */;
			compatibilityVersion = "Xcode 3.2";
			developmentRegion = English;
			hasScannedForEncodings = 0;
			knownRegions = (
				en,
				Base,
			);
			mainGroup = 26FDD4FF1ECB4B6900A99B5D;
			productRefGroup = 26FDD5091ECB4B6900A99B5D /* Products */;
			projectDirPath = "";
			projectRoot = "";
			targets = (
				26FDD5071ECB4B6900A99B5D /* ColorGrid */,
			);
		};
/* End PBXProject section */

/* Begin PBXResourcesBuildPhase section */
		26FDD5061ECB4B6900A99B5D /* Resources */ = {
			isa = PBXResourcesBuildPhase;
			buildActionMask = 2147483647;
			files = (
				26FDD5161ECB4B6A00A99B5D /* LaunchScreen.storyboard in Resources */,
				26FDD5131ECB4B6A00A99B5D /* Assets.xcassets in Resources */,
				26FDD5111ECB4B6A00A99B5D /* Main.storyboard in Resources */,
			);
			runOnlyForDeploymentPostprocessing = 0;
		};
/* End PBXResourcesBuildPhase section */

/* Begin PBXSourcesBuildPhase section */
		26FDD5041ECB4B6900A99B5D /* Sources */ = {
			isa = PBXSourcesBuildPhase;
			buildActionMask = 2147483647;
			files = (
				26FDD51E1ECB4BA100A99B5D /* ColorGridViewController.swift in Sources */,
				26FDD50C1ECB4B6A00A99B5D /* AppDelegate.swift in Sources */,
			);
			runOnlyForDeploymentPostprocessing = 0;
		};
/* End PBXSourcesBuildPhase section */

/* Begin PBXVariantGroup section */
		26FDD50F1ECB4B6A00A99B5D /* Main.storyboard */ = {
			isa = PBXVariantGroup;
			children = (
				26FDD5101ECB4B6A00A99B5D /* Base */,
			);
			name = Main.storyboard;
			sourceTree = "<group>";
		};
		26FDD5141ECB4B6A00A99B5D /* LaunchScreen.storyboard */ = {
			isa = PBXVariantGroup;
			children = (
				26FDD5151ECB4B6A00A99B5D /* Base */,
			);
			name = LaunchScreen.storyboard;
			sourceTree = "<group>";
		};
/* End PBXVariantGroup section */

/* Begin XCBuildConfiguration section */
		26FDD5181ECB4B6A00A99B5D /* Debug */ = {
			isa = XCBuildConfiguration;
			buildSettings = {
				ALWAYS_SEARCH_USER_PATHS = NO;
				CLANG_ANALYZER_NONNULL = YES;
				CLANG_CXX_LANGUAGE_STANDARD = "gnu++0x";
				CLANG_CXX_LIBRARY = "libc++";
				CLANG_ENABLE_MODULES = YES;
				CLANG_ENABLE_OBJC_ARC = YES;
				CLANG_WARN_BOOL_CONVERSION = YES;
				CLANG_WARN_CONSTANT_CONVERSION = YES;
				CLANG_WARN_DIRECT_OBJC_ISA_USAGE = YES_ERROR;
				CLANG_WARN_DOCUMENTATION_COMMENTS = YES;
				CLANG_WARN_EMPTY_BODY = YES;
				CLANG_WARN_ENUM_CONVERSION = YES;
				CLANG_WARN_INFINITE_RECURSION = YES;
				CLANG_WARN_INT_CONVERSION = YES;
				CLANG_WARN_OBJC_ROOT_CLASS = YES_ERROR;
				CLANG_WARN_SUSPICIOUS_MOVE = YES;
				CLANG_WARN_UNREACHABLE_CODE = YES;
				CLANG_WARN__DUPLICATE_METHOD_MATCH = YES;
				"CODE_SIGN_IDENTITY[sdk=iphoneos*]" = "iPhone Developer";
				COPY_PHASE_STRIP = NO;
				DEBUG_INFORMATION_FORMAT = dwarf;
				ENABLE_STRICT_OBJC_MSGSEND = YES;
				ENABLE_TESTABILITY = YES;
				GCC_C_LANGUAGE_STANDARD = gnu99;
				GCC_DYNAMIC_NO_PIC = NO;
				GCC_NO_COMMON_BLOCKS = YES;
				GCC_OPTIMIZATION_LEVEL = 0;
				GCC_PREPROCESSOR_DEFINITIONS = (
					"DEBUG=1",
					"$(inherited)",
				);
				GCC_WARN_64_TO_32_BIT_CONVERSION = YES;
				GCC_WARN_ABOUT_RETURN_TYPE = YES_ERROR;
				GCC_WARN_UNDECLARED_SELECTOR = YES;
				GCC_WARN_UNINITIALIZED_AUTOS = YES_AGGRESSIVE;
				GCC_WARN_UNUSED_FUNCTION = YES;
				GCC_WARN_UNUSED_VARIABLE = YES;
				IPHONEOS_DEPLOYMENT_TARGET = 10.2;
				MTL_ENABLE_DEBUG_INFO = YES;
				ONLY_ACTIVE_ARCH = YES;
				SDKROOT = iphoneos;
				SWIFT_ACTIVE_COMPILATION_CONDITIONS = DEBUG;
				SWIFT_OPTIMIZATION_LEVEL = "-Onone";
				TARGETED_DEVICE_FAMILY = "1,2";
			};
			name = Debug;
		};
		26FDD5191ECB4B6A00A99B5D /* Release */ = {
			isa = XCBuildConfiguration;
			buildSettings = {
				ALWAYS_SEARCH_USER_PATHS = NO;
				CLANG_ANALYZER_NONNULL = YES;
				CLANG_CXX_LANGUAGE_STANDARD = "gnu++0x";
				CLANG_CXX_LIBRARY = "libc++";
				CLANG_ENABLE_MODULES = YES;
				CLANG_ENABLE_OBJC_ARC = YES;
				CLANG_WARN_BOOL_CONVERSION = YES;
				CLANG_WARN_CONSTANT_CONVERSION = YES;
				CLANG_WARN_DIRECT_OBJC_ISA_USAGE = YES_ERROR;
				CLANG_WARN_DOCUMENTATION_COMMENTS = YES;
				CLANG_WARN_EMPTY_BODY = YES;
				CLANG_WARN_ENUM_CONVERSION = YES;
				CLANG_WARN_INFINITE_RECURSION = YES;
				CLANG_WARN_INT_CONVERSION = YES;
				CLANG_WARN_OBJC_ROOT_CLASS = YES_ERROR;
				CLANG_WARN_SUSPICIOUS_MOVE = YES;
				CLANG_WARN_UNREACHABLE_CODE = YES;
				CLANG_WARN__DUPLICATE_METHOD_MATCH = YES;
				"CODE_SIGN_IDENTITY[sdk=iphoneos*]" = "iPhone Developer";
				COPY_PHASE_STRIP = NO;
				DEBUG_INFORMATION_FORMAT = "dwarf-with-dsym";
				ENABLE_NS_ASSERTIONS = NO;
				ENABLE_STRICT_OBJC_MSGSEND = YES;
				GCC_C_LANGUAGE_STANDARD = gnu99;
				GCC_NO_COMMON_BLOCKS = YES;
				GCC_WARN_64_TO_32_BIT_CONVERSION = YES;
				GCC_WARN_ABOUT_RETURN_TYPE = YES_ERROR;
				GCC_WARN_UNDECLARED_SELECTOR = YES;
				GCC_WARN_UNINITIALIZED_AUTOS = YES_AGGRESSIVE;
				GCC_WARN_UNUSED_FUNCTION = YES;
				GCC_WARN_UNUSED_VARIABLE = YES;
				IPHONEOS_DEPLOYMENT_TARGET = 10.2;
				MTL_ENABLE_DEBUG_INFO = NO;
				SDKROOT = iphoneos;
				SWIFT_OPTIMIZATION_LEVEL = "-Owholemodule";
				TARGETED_DEVICE_FAMILY = "1,2";
				VALIDATE_PRODUCT = YES;
			};
			name = Release;
		};
		26FDD51B1ECB4B6A00A99B5D /* Debug */ = {
			isa = XCBuildConfiguration;
			buildSettings = {
				ASSETCATALOG_COMPILER_APPICON_NAME = AppIcon;
				DEVELOPMENT_TEAM = JG332KPJ4U;
				INFOPLIST_FILE = ColorGrid/Info.plist;
				LD_RUNPATH_SEARCH_PATHS = "$(inherited) @executable_path/Frameworks";
				PRODUCT_BUNDLE_IDENTIFIER = kanchanyadav.ColorGrid;
				PRODUCT_NAME = "$(TARGET_NAME)";
				SWIFT_VERSION = 3.0;
			};
			name = Debug;
		};
		26FDD51C1ECB4B6A00A99B5D /* Release */ = {
			isa = XCBuildConfiguration;
			buildSettings = {
				ASSETCATALOG_COMPILER_APPICON_NAME = AppIcon;
				DEVELOPMENT_TEAM = JG332KPJ4U;
				INFOPLIST_FILE = ColorGrid/Info.plist;
				LD_RUNPATH_SEARCH_PATHS = "$(inherited) @executable_path/Frameworks";
				PRODUCT_BUNDLE_IDENTIFIER = kanchanyadav.ColorGrid;
				PRODUCT_NAME = "$(TARGET_NAME)";
				SWIFT_VERSION = 3.0;
			};
			name = Release;
		};
/* End XCBuildConfiguration section */

/* Begin XCConfigurationList section */
		26FDD5031ECB4B6900A99B5D /* Build configuration list for PBXProject "ColorGrid" */ = {
			isa = XCConfigurationList;
			buildConfigurations = (
				26FDD5181ECB4B6A00A99B5D /* Debug */,
				26FDD5191ECB4B6A00A99B5D /* Release */,
			);
			defaultConfigurationIsVisible = 0;
			defaultConfigurationName = Release;
		};
		26FDD51A1ECB4B6A00A99B5D /* Build configuration list for PBXNativeTarget "ColorGrid" */ = {
			isa = XCConfigurationList;
			buildConfigurations = (
				26FDD51B1ECB4B6A00A99B5D /* Debug */,
				26FDD51C1ECB4B6A00A99B5D /* Release */,
			);
			defaultConfigurationIsVisible = 0;
		};
/* End XCConfigurationList section */
	};
	rootObject = 26FDD5001ECB4B6900A99B5D /* Project object */;
}
